
Microsoft Visual Studio Solution File, Format Version 12.00
# Visual Studio Version 17
VisualStudioVersion = 17.7.34024.191
MinimumVisualStudioVersion = 10.0.40219.1
Project("{FAE04EC0-301F-11D3-BF4B-00C04F79EFBC}") = "FirstMVCApp", "FirstMVCApp\FirstMVCApp.csproj", "{AAEFA474-C0D7-4701-8CDC-28F8B24BE8FF}"
EndProject
Global
	GlobalSection(SolutionConfigurationPlatforms) = preSolution
		Debug|Any CPU = Debug|Any CPU
		Release|Any CPU = Release|Any CPU
	EndGlobalSection
	GlobalSection(ProjectConfigurationPlatforms) = postSolution
		{AAEFA474-C0D7-4701-8CDC-28F8B24BE8FF}.Debug|Any CPU.ActiveCfg = Debug|Any CPU
		{AAEFA474-C0D7-4701-8CDC-28F8B24BE8FF}.Debug|Any CPU.Build.0 = Debug|Any CPU
		{AAEFA474-C0D7-4701-8CDC-28F8B24BE8FF}.Release|Any CPU.ActiveCfg = Release|Any CPU
		{AAEFA474-C0D7-4701-8CDC-28F8B24BE8FF}.Release|Any CPU.Build.0 = Release|Any CPU
	EndGlobalSection
	GlobalSection(SolutionProperties) = preSolution
		HideSolutionNode = FALSE
	EndGlobalSection
	GlobalSection(ExtensibilityGlobals) = postSolution
		SolutionGuid = {B01BBF29-A4E4-4E3A-90E7-CC37FE8ED50C}
	EndGlobalSection
EndGlobal
